{
  "requires": true,
  "lockfileVersion": 1,
  "dependencies": {
    "chart.js": {
      "version": "3.7.0",
      "resolved": "https://registry.npmjs.org/chart.js/-/chart.js-3.7.0.tgz",
      "integrity": "sha512-31gVuqqKp3lDIFmzpKIrBeum4OpZsQjSIAqlOpgjosHDJZlULtvwLEZKtEhIAZc7JMPaHlYMys40Qy9Mf+1AAg=="
    },
    "react-chartjs-2": {
      "version": "4.0.1",
      "resolved": "https://registry.npmjs.org/react-chartjs-2/-/react-chartjs-2-4.0.1.tgz",
      "integrity": "sha512-q8bgWzKoFvBvD7YcjT/hXG8jt55TaMAuJ1dmI3tKFJ7CijUWYz4pIfOhkTI6PBTwqu/pmeWsClBRd/7HiWzN1g=="
    }
  }
}
